
Microsoft Visual Studio Solution File, Format Version 12.00
# Visual Studio Version 17
VisualStudioVersion = 17.3.32811.315
MinimumVisualStudioVersion = 10.0.40219.1
Project("{FAE04EC0-301F-11D3-BF4B-00C04F79EFBC}") = "Education", "Education\Education.csproj", "{AE8458E9-B5EF-492F-8D3F-D6F4E231B621}"
EndProject
Global
	GlobalSection(SolutionConfigurationPlatforms) = preSolution
		Debug|Any CPU = Debug|Any CPU
		Release|Any CPU = Release|Any CPU
	EndGlobalSection
	GlobalSection(ProjectConfigurationPlatforms) = postSolution
		{AE8458E9-B5EF-492F-8D3F-D6F4E231B621}.Debug|Any CPU.ActiveCfg = Debug|Any CPU
		{AE8458E9-B5EF-492F-8D3F-D6F4E231B621}.Debug|Any CPU.Build.0 = Debug|Any CPU
		{AE8458E9-B5EF-492F-8D3F-D6F4E231B621}.Release|Any CPU.ActiveCfg = Release|Any CPU
		{AE8458E9-B5EF-492F-8D3F-D6F4E231B621}.Release|Any CPU.Build.0 = Release|Any CPU
	EndGlobalSection
	GlobalSection(SolutionProperties) = preSolution
		HideSolutionNode = FALSE
	EndGlobalSection
	GlobalSection(ExtensibilityGlobals) = postSolution
		SolutionGuid = {2AE13A10-8838-47CE-8525-9E442A6B3A95}
	EndGlobalSection
EndGlobal
