
Microsoft Visual Studio Solution File, Format Version 12.00
# Visual Studio Version 17
VisualStudioVersion = 17.3.32811.315
MinimumVisualStudioVersion = 10.0.40219.1
Project("{2150E333-8FDC-42A3-9474-1A3956D46DE8}") = "Core", "Core", "{289980C8-9135-4948-9E24-F76490782848}"
EndProject
Project("{FAE04EC0-301F-11D3-BF4B-00C04F79EFBC}") = "Domain", "Domain\Domain.csproj", "{8D85CC95-1E74-4BB1-8577-846B43132DA0}"
EndProject
Project("{FAE04EC0-301F-11D3-BF4B-00C04F79EFBC}") = "Application", "Core\Application\Application.csproj", "{F0D486FA-3231-4B88-BA45-93156174B6FF}"
EndProject
Project("{2150E333-8FDC-42A3-9474-1A3956D46DE8}") = "Infrastructure", "Infrastructure", "{8BDDEF49-157B-416F-BBBA-6C4F0D08DB44}"
EndProject
Project("{FAE04EC0-301F-11D3-BF4B-00C04F79EFBC}") = "Infrastructure", "Infrastructure\Infrastructure\Infrastructure.csproj", "{0ADDEABF-F9F7-469F-BD95-19921935BD75}"
EndProject
Project("{FAE04EC0-301F-11D3-BF4B-00C04F79EFBC}") = "Persistence", "Persistence\Persistence.csproj", "{C687ABE8-D411-49D2-A02C-AD043DA1D828}"
EndProject
Project("{2150E333-8FDC-42A3-9474-1A3956D46DE8}") = "Presentation", "Presentation", "{CAAAD6AF-E7AE-47C4-97C2-ED96A761B7F2}"
EndProject
Project("{FAE04EC0-301F-11D3-BF4B-00C04F79EFBC}") = "API", "API\API\API.csproj", "{3A0435C2-3F22-4FDD-A01B-C97A6CD5A303}"
EndProject
Global
	GlobalSection(SolutionConfigurationPlatforms) = preSolution
		Debug|Any CPU = Debug|Any CPU
		Release|Any CPU = Release|Any CPU
	EndGlobalSection
	GlobalSection(ProjectConfigurationPlatforms) = postSolution
		{8D85CC95-1E74-4BB1-8577-846B43132DA0}.Debug|Any CPU.ActiveCfg = Debug|Any CPU
		{8D85CC95-1E74-4BB1-8577-846B43132DA0}.Debug|Any CPU.Build.0 = Debug|Any CPU
		{8D85CC95-1E74-4BB1-8577-846B43132DA0}.Release|Any CPU.ActiveCfg = Release|Any CPU
		{8D85CC95-1E74-4BB1-8577-846B43132DA0}.Release|Any CPU.Build.0 = Release|Any CPU
		{F0D486FA-3231-4B88-BA45-93156174B6FF}.Debug|Any CPU.ActiveCfg = Debug|Any CPU
		{F0D486FA-3231-4B88-BA45-93156174B6FF}.Debug|Any CPU.Build.0 = Debug|Any CPU
		{F0D486FA-3231-4B88-BA45-93156174B6FF}.Release|Any CPU.ActiveCfg = Release|Any CPU
		{F0D486FA-3231-4B88-BA45-93156174B6FF}.Release|Any CPU.Build.0 = Release|Any CPU
		{0ADDEABF-F9F7-469F-BD95-19921935BD75}.Debug|Any CPU.ActiveCfg = Debug|Any CPU
		{0ADDEABF-F9F7-469F-BD95-19921935BD75}.Debug|Any CPU.Build.0 = Debug|Any CPU
		{0ADDEABF-F9F7-469F-BD95-19921935BD75}.Release|Any CPU.ActiveCfg = Release|Any CPU
		{0ADDEABF-F9F7-469F-BD95-19921935BD75}.Release|Any CPU.Build.0 = Release|Any CPU
		{C687ABE8-D411-49D2-A02C-AD043DA1D828}.Debug|Any CPU.ActiveCfg = Debug|Any CPU
		{C687ABE8-D411-49D2-A02C-AD043DA1D828}.Debug|Any CPU.Build.0 = Debug|Any CPU
		{C687ABE8-D411-49D2-A02C-AD043DA1D828}.Release|Any CPU.ActiveCfg = Release|Any CPU
		{C687ABE8-D411-49D2-A02C-AD043DA1D828}.Release|Any CPU.Build.0 = Release|Any CPU
		{3A0435C2-3F22-4FDD-A01B-C97A6CD5A303}.Debug|Any CPU.ActiveCfg = Debug|Any CPU
		{3A0435C2-3F22-4FDD-A01B-C97A6CD5A303}.Debug|Any CPU.Build.0 = Debug|Any CPU
		{3A0435C2-3F22-4FDD-A01B-C97A6CD5A303}.Release|Any CPU.ActiveCfg = Release|Any CPU
		{3A0435C2-3F22-4FDD-A01B-C97A6CD5A303}.Release|Any CPU.Build.0 = Release|Any CPU
	EndGlobalSection
	GlobalSection(SolutionProperties) = preSolution
		HideSolutionNode = FALSE
	EndGlobalSection
	GlobalSection(NestedProjects) = preSolution
		{8D85CC95-1E74-4BB1-8577-846B43132DA0} = {289980C8-9135-4948-9E24-F76490782848}
		{F0D486FA-3231-4B88-BA45-93156174B6FF} = {289980C8-9135-4948-9E24-F76490782848}
		{0ADDEABF-F9F7-469F-BD95-19921935BD75} = {8BDDEF49-157B-416F-BBBA-6C4F0D08DB44}
		{C687ABE8-D411-49D2-A02C-AD043DA1D828} = {8BDDEF49-157B-416F-BBBA-6C4F0D08DB44}
		{3A0435C2-3F22-4FDD-A01B-C97A6CD5A303} = {CAAAD6AF-E7AE-47C4-97C2-ED96A761B7F2}
	EndGlobalSection
	GlobalSection(ExtensibilityGlobals) = postSolution
		SolutionGuid = {8A082D61-51BD-4B6A-8B77-7523012A1966}
	EndGlobalSection
EndGlobal
